{
    "_meta": {
        "hash": {
            "sha256": "aa9672d25280c7ad4ac4f9609900d135b2a77364acd90cb8352c2f83381e95e6"
        },
        "pipfile-spec": 6,
        "requires": {
            "python_version": "3.7"
        },
        "sources": [
            {
                "name": "pypi",
                "url": "https://pypi.org/simple",
                "verify_ssl": true
            }
        ]
    },
    "default": {
        "flashtext": {
            "hashes": [
                "sha256:a1be2b93e09d4f0deee4aad72b91a7127b61fb8b8034ca9a9c78ea745d8b05cf"
            ],
            "index": "pypi",
            "version": "==2.7"
        }
    },
    "develop": {}
}
